
Microsoft Visual Studio Solution File, Format Version 12.00
# Visual Studio Version 16
VisualStudioVersion = 16.0.30104.148
MinimumVisualStudioVersion = 10.0.40219.1
Project("{FAE04EC0-301F-11D3-BF4B-00C04F79EFBC}") = "AndroidHelper", "AndroidHelper\AndroidHelper.csproj", "{F3F675A7-CB78-43EE-8E6F-3CFBCE790568}"
EndProject
Project("{FAE04EC0-301F-11D3-BF4B-00C04F79EFBC}") = "AndroidHelperTests", "AndroidHelperTests\AndroidHelperTests.csproj", "{10AA7AA0-748E-4943-B9FA-764FA040142D}"
EndProject
Global
	GlobalSection(SolutionConfigurationPlatforms) = preSolution
		Debug|Any CPU = Debug|Any CPU
		Release|Any CPU = Release|Any CPU
	EndGlobalSection
	GlobalSection(ProjectConfigurationPlatforms) = postSolution
		{F3F675A7-CB78-43EE-8E6F-3CFBCE790568}.Debug|Any CPU.ActiveCfg = Debug|Any CPU
		{F3F675A7-CB78-43EE-8E6F-3CFBCE790568}.Debug|Any CPU.Build.0 = Debug|Any CPU
		{F3F675A7-CB78-43EE-8E6F-3CFBCE790568}.Release|Any CPU.ActiveCfg = Release|Any CPU
		{F3F675A7-CB78-43EE-8E6F-3CFBCE790568}.Release|Any CPU.Build.0 = Release|Any CPU
		{10AA7AA0-748E-4943-B9FA-764FA040142D}.Debug|Any CPU.ActiveCfg = Debug|Any CPU
		{10AA7AA0-748E-4943-B9FA-764FA040142D}.Debug|Any CPU.Build.0 = Debug|Any CPU
		{10AA7AA0-748E-4943-B9FA-764FA040142D}.Release|Any CPU.ActiveCfg = Release|Any CPU
		{10AA7AA0-748E-4943-B9FA-764FA040142D}.Release|Any CPU.Build.0 = Release|Any CPU
	EndGlobalSection
	GlobalSection(SolutionProperties) = preSolution
		HideSolutionNode = FALSE
	EndGlobalSection
	GlobalSection(ExtensibilityGlobals) = postSolution
		SolutionGuid = {DC46B580-682A-40E4-B811-CD27709B87D5}
	EndGlobalSection
EndGlobal
